// !$*UTF8*$!
{
	archiveVersion = 1;
	classes = {
	};
	objectVersion = 46;
	objects = {

/* Begin PBXBuildFile section */
		6003F58E195388D20070C39A /* Foundation.framework in Frameworks */ = {isa = PBXBuildFile; fileRef = 6003F58D195388D20070C39A /* Foundation.framework */; };
		6003F590195388D20070C39A /* CoreGraphics.framework in Frameworks */ = {isa = PBXBuildFile; fileRef = 6003F58F195388D20070C39A /* CoreGraphics.framework */; };
		6003F592195388D20070C39A /* UIKit.framework in Frameworks */ = {isa = PBXBuildFile; fileRef = 6003F591195388D20070C39A /* UIKit.framework */; };
		6003F59A195388D20070C39A /* main.m in Sources */ = {isa = PBXBuildFile; fileRef = 6003F599195388D20070C39A /* main.m */; };
		6003F59E195388D20070C39A /* HXAppDelegate.m in Sources */ = {isa = PBXBuildFile; fileRef = 6003F59D195388D20070C39A /* HXAppDelegate.m */; };
		6003F5A7195388D20070C39A /* HXViewController.m in Sources */ = {isa = PBXBuildFile; fileRef = 6003F5A6195388D20070C39A /* HXViewController.m */; };
		6003F5A9195388D20070C39A /* Images.xcassets in Resources */ = {isa = PBXBuildFile; fileRef = 6003F5A8195388D20070C39A /* Images.xcassets */; };
		6003F5B0195388D20070C39A /* XCTest.framework in Frameworks */ = {isa = PBXBuildFile; fileRef = 6003F5AF195388D20070C39A /* XCTest.framework */; };
		6003F5B1195388D20070C39A /* Foundation.framework in Frameworks */ = {isa = PBXBuildFile; fileRef = 6003F58D195388D20070C39A /* Foundation.framework */; };
		6003F5B2195388D20070C39A /* UIKit.framework in Frameworks */ = {isa = PBXBuildFile; fileRef = 6003F591195388D20070C39A /* UIKit.framework */; };
		6003F5BC195388D20070C39A /* Tests.m in Sources */ = {isa = PBXBuildFile; fileRef = 6003F5BB195388D20070C39A /* Tests.m */; };
		704DA4792FD11F805EA151DF /* Pods_PhotoEditor_Example.framework in Frameworks */ = {isa = PBXBuildFile; fileRef = 10F66ACBCCED0589644B2B38 /* Pods_PhotoEditor_Example.framework */; };
		71719F9F1E33DC2100824A3D /* LaunchScreen.storyboard in Resources */ = {isa = PBXBuildFile; fileRef = 71719F9D1E33DC2100824A3D /* LaunchScreen.storyboard */; };
		873B8AEB1B1F5CCA007FD442 /* Main.storyboard in Resources */ = {isa = PBXBuildFile; fileRef = 873B8AEA1B1F5CCA007FD442 /* Main.storyboard */; };
		BCF2F964762C1F1AD769E023 /* Pods_PhotoEditor_Tests.framework in Frameworks */ = {isa = PBXBuildFile; fileRef = E5AB3D7841FDFC8260EE39FD /* Pods_PhotoEditor_Tests.framework */; };
		E9142D442628523F00572E91 /* PAEBPhotoEditGraffitiColorView.m in Sources */ = {isa = PBXBuildFile; fileRef = E9142D432628523F00572E91 /* PAEBPhotoEditGraffitiColorView.m */; };
		E9142D4F26292CD000572E91 /* PAEBPhotoEditClippingToolBar.m in Sources */ = {isa = PBXBuildFile; fileRef = E9142D4E26292CD000572E91 /* PAEBPhotoEditClippingToolBar.m */; };
		E9142D622629848D00572E91 /* PAEBPhotoEditMosaicView.m in Sources */ = {isa = PBXBuildFile; fileRef = E9142D612629848D00572E91 /* PAEBPhotoEditMosaicView.m */; };
		E9CB8DD726466E4E00EA4036 /* NSBundle+HXExtension.m in Sources */ = {isa = PBXBuildFile; fileRef = E9CB8DD626466E4D00EA4036 /* NSBundle+HXExtension.m */; };
		E9CB8DE126466FCE00EA4036 /* PAEBPhotoEditor.bundle in Resources */ = {isa = PBXBuildFile; fileRef = E9CB8DE026466FCE00EA4036 /* PAEBPhotoEditor.bundle */; };
		E9E0F040261D55D00047146E /* PAEBPhotoEditViewController.m in Sources */ = {isa = PBXBuildFile; fileRef = E9E0F03F261D55D00047146E /* PAEBPhotoEditViewController.m */; };
		E9E0F047261D56E10047146E /* UIColor+HXExtension.m in Sources */ = {isa = PBXBuildFile; fileRef = E9E0F046261D56E10047146E /* UIColor+HXExtension.m */; };
		E9E0F04E261D574E0047146E /* UIButton+HXExtension.m in Sources */ = {isa = PBXBuildFile; fileRef = E9E0F04D261D574E0047146E /* UIButton+HXExtension.m */; };
		E9E0F053261D59BD0047146E /* PAEBPhotoEditConfiguration.m in Sources */ = {isa = PBXBuildFile; fileRef = E9E0F052261D59BD0047146E /* PAEBPhotoEditConfiguration.m */; };
		E9E0F05A261D60550047146E /* PAEBPhotoEdit.m in Sources */ = {isa = PBXBuildFile; fileRef = E9E0F059261D60550047146E /* PAEBPhotoEdit.m */; };
		E9E0F05F261D610E0047146E /* UIImage+HXExtension.m in Sources */ = {isa = PBXBuildFile; fileRef = E9E0F05E261D610E0047146E /* UIImage+HXExtension.m */; };
		E9E0F07A261D90A80047146E /* PAEBHXCancelBlock.m in Sources */ = {isa = PBXBuildFile; fileRef = E9E0F079261D90A80047146E /* PAEBHXCancelBlock.m */; };
		E9E0F085261D99740047146E /* UIView+HXExtension.m in Sources */ = {isa = PBXBuildFile; fileRef = E9E0F084261D99740047146E /* UIView+HXExtension.m */; };
		E9E0F14A2623DEDA0047146E /* PAEBPhotoModel.m in Sources */ = {isa = PBXBuildFile; fileRef = E9E0F1492623DEDA0047146E /* PAEBPhotoModel.m */; };
		E9E0F15A26242C320047146E /* PAEBPhotoEditBottomView.m in Sources */ = {isa = PBXBuildFile; fileRef = E9E0F15926242C320047146E /* PAEBPhotoEditBottomView.m */; };
		E9E0F179262465750047146E /* PAEBPhotoEditingView.m in Sources */ = {isa = PBXBuildFile; fileRef = E9E0F178262465750047146E /* PAEBPhotoEditingView.m */; };
		E9E0F17E262520860047146E /* PAEBPhotoClippingView.m in Sources */ = {isa = PBXBuildFile; fileRef = E9E0F17D262520860047146E /* PAEBPhotoClippingView.m */; };
		E9E0F1832625259D0047146E /* PAEBPhotoEditDrawView.m in Sources */ = {isa = PBXBuildFile; fileRef = E9E0F1822625259D0047146E /* PAEBPhotoEditDrawView.m */; };
		E9E0F18A26253B290047146E /* PAEBPhotoEditStickerView.m in Sources */ = {isa = PBXBuildFile; fileRef = E9E0F18926253B290047146E /* PAEBPhotoEditStickerView.m */; };
		E9E0F18F26253C8D0047146E /* PAEBPhotoEditTextView.m in Sources */ = {isa = PBXBuildFile; fileRef = E9E0F18E26253C8D0047146E /* PAEBPhotoEditTextView.m */; };
		E9E0F194262541650047146E /* PAEBPhotoEditGraffitiColorModel.m in Sources */ = {isa = PBXBuildFile; fileRef = E9E0F193262541650047146E /* PAEBPhotoEditGraffitiColorModel.m */; };
		E9E0F19F26254ABB0047146E /* UIFont+HXExtension.m in Sources */ = {isa = PBXBuildFile; fileRef = E9E0F19E26254ABB0047146E /* UIFont+HXExtension.m */; };
		E9E0F1BE262583F70047146E /* PAEBPhotoEditGraffitiColorViewCell.m in Sources */ = {isa = PBXBuildFile; fileRef = E9E0F1BD262583F70047146E /* PAEBPhotoEditGraffitiColorViewCell.m */; };
		E9E0F1C92625AAA10047146E /* PAEBPhotoEditImageView.m in Sources */ = {isa = PBXBuildFile; fileRef = E9E0F1C82625AAA10047146E /* PAEBPhotoEditImageView.m */; };
		E9E0F1CE2625AB670047146E /* PAEBPhotoEditSplashView.m in Sources */ = {isa = PBXBuildFile; fileRef = E9E0F1CD2625AB670047146E /* PAEBPhotoEditSplashView.m */; };
		E9E0F1D32625AC890047146E /* PAEBPhotoEditStickerItem.m in Sources */ = {isa = PBXBuildFile; fileRef = E9E0F1D22625AC890047146E /* PAEBPhotoEditStickerItem.m */; };
		E9E0F1D82625AD410047146E /* PAEBPhotoEditStickerItemView.m in Sources */ = {isa = PBXBuildFile; fileRef = E9E0F1D72625AD410047146E /* PAEBPhotoEditStickerItemView.m */; };
		E9E0F1DD2625AE250047146E /* PAEBPhotoEditStickerItemContentView.m in Sources */ = {isa = PBXBuildFile; fileRef = E9E0F1DC2625AE250047146E /* PAEBPhotoEditStickerItemContentView.m */; };
		E9E0F1E22625B5590047146E /* PAEBPhotoEditStickerTrashView.m in Sources */ = {isa = PBXBuildFile; fileRef = E9E0F1E12625B5590047146E /* PAEBPhotoEditStickerTrashView.m */; };
		E9E0F1F526267AE90047146E /* PAEBPhotoEditSplashMaskLayer.m in Sources */ = {isa = PBXBuildFile; fileRef = E9E0F1F426267AE90047146E /* PAEBPhotoEditSplashMaskLayer.m */; };
		E9E0F1FA2626C4FB0047146E /* PAEBPhotoEditGridView.m in Sources */ = {isa = PBXBuildFile; fileRef = E9E0F1F92626C4FB0047146E /* PAEBPhotoEditGridView.m */; };
		E9E0F1FF2626C5EC0047146E /* PAEBPhotoEditGridLayer.m in Sources */ = {isa = PBXBuildFile; fileRef = E9E0F1FE2626C5EC0047146E /* PAEBPhotoEditGridLayer.m */; };
		E9E0F2042626C6680047146E /* PAEBPhotoEditGridMaskLayer.m in Sources */ = {isa = PBXBuildFile; fileRef = E9E0F2032626C6680047146E /* PAEBPhotoEditGridMaskLayer.m */; };
		E9E0F2092626C85E0047146E /* PAEBPhotoEditResizeControl.m in Sources */ = {isa = PBXBuildFile; fileRef = E9E0F2082626C85E0047146E /* PAEBPhotoEditResizeControl.m */; };
		E9E0F20E2626FB3B0047146E /* PAEBAssetManager.m in Sources */ = {isa = PBXBuildFile; fileRef = E9E0F20D2626FB3B0047146E /* PAEBAssetManager.m */; };
		E9E0F2132627089C0047146E /* NSString+HXExtension.m in Sources */ = {isa = PBXBuildFile; fileRef = E9E0F2122627089C0047146E /* NSString+HXExtension.m */; };
/* End PBXBuildFile section */

/* Begin PBXContainerItemProxy section */
		6003F5B3195388D20070C39A /* PBXContainerItemProxy */ = {
			isa = PBXContainerItemProxy;
			containerPortal = 6003F582195388D10070C39A /* Project object */;
			proxyType = 1;
			remoteGlobalIDString = 6003F589195388D20070C39A;
			remoteInfo = PhotoEditor;
		};
/* End PBXContainerItemProxy section */

/* Begin PBXFileReference section */
		031FE385BDF7F5367683BC5F /* Pods-PhotoEditor_Example.release.xcconfig */ = {isa = PBXFileReference; includeInIndex = 1; lastKnownFileType = text.xcconfig; name = "Pods-PhotoEditor_Example.release.xcconfig"; path = "Target Support Files/Pods-PhotoEditor_Example/Pods-PhotoEditor_Example.release.xcconfig"; sourceTree = "<group>"; };
		0598D0BE5D6E8D3B2CD3DCC3 /* Pods-PhotoEditor_Example.debug.xcconfig */ = {isa = PBXFileReference; includeInIndex = 1; lastKnownFileType = text.xcconfig; name = "Pods-PhotoEditor_Example.debug.xcconfig"; path = "Target Support Files/Pods-PhotoEditor_Example/Pods-PhotoEditor_Example.debug.xcconfig"; sourceTree = "<group>"; };
		10F66ACBCCED0589644B2B38 /* Pods_PhotoEditor_Example.framework */ = {isa = PBXFileReference; explicitFileType = wrapper.framework; includeInIndex = 0; path = Pods_PhotoEditor_Example.framework; sourceTree = BUILT_PRODUCTS_DIR; };
		130C655AB253505D8E4AD778 /* Pods-PhotoEditor_Tests.debug.xcconfig */ = {isa = PBXFileReference; includeInIndex = 1; lastKnownFileType = text.xcconfig; name = "Pods-PhotoEditor_Tests.debug.xcconfig"; path = "Target Support Files/Pods-PhotoEditor_Tests/Pods-PhotoEditor_Tests.debug.xcconfig"; sourceTree = "<group>"; };
		6003F58A195388D20070C39A /* PhotoEditor_Example.app */ = {isa = PBXFileReference; explicitFileType = wrapper.application; includeInIndex = 0; path = PhotoEditor_Example.app; sourceTree = BUILT_PRODUCTS_DIR; };
		6003F58D195388D20070C39A /* Foundation.framework */ = {isa = PBXFileReference; lastKnownFileType = wrapper.framework; name = Foundation.framework; path = System/Library/Frameworks/Foundation.framework; sourceTree = SDKROOT; };
		6003F58F195388D20070C39A /* CoreGraphics.framework */ = {isa = PBXFileReference; lastKnownFileType = wrapper.framework; name = CoreGraphics.framework; path = System/Library/Frameworks/CoreGraphics.framework; sourceTree = SDKROOT; };
		6003F591195388D20070C39A /* UIKit.framework */ = {isa = PBXFileReference; lastKnownFileType = wrapper.framework; name = UIKit.framework; path = System/Library/Frameworks/UIKit.framework; sourceTree = SDKROOT; };
		6003F595195388D20070C39A /* PhotoEditor-Info.plist */ = {isa = PBXFileReference; lastKnownFileType = text.plist.xml; path = "PhotoEditor-Info.plist"; sourceTree = "<group>"; };
		6003F599195388D20070C39A /* main.m */ = {isa = PBXFileReference; lastKnownFileType = sourcecode.c.objc; path = main.m; sourceTree = "<group>"; };
		6003F59B195388D20070C39A /* PhotoEditor-Prefix.pch */ = {isa = PBXFileReference; lastKnownFileType = sourcecode.c.h; path = "PhotoEditor-Prefix.pch"; sourceTree = "<group>"; };
		6003F59C195388D20070C39A /* HXAppDelegate.h */ = {isa = PBXFileReference; lastKnownFileType = sourcecode.c.h; path = HXAppDelegate.h; sourceTree = "<group>"; };
		6003F59D195388D20070C39A /* HXAppDelegate.m */ = {isa = PBXFileReference; lastKnownFileType = sourcecode.c.objc; path = HXAppDelegate.m; sourceTree = "<group>"; };
		6003F5A5195388D20070C39A /* HXViewController.h */ = {isa = PBXFileReference; lastKnownFileType = sourcecode.c.h; path = HXViewController.h; sourceTree = "<group>"; };
		6003F5A6195388D20070C39A /* HXViewController.m */ = {isa = PBXFileReference; lastKnownFileType = sourcecode.c.objc; path = HXViewController.m; sourceTree = "<group>"; };
		6003F5A8195388D20070C39A /* Images.xcassets */ = {isa = PBXFileReference; lastKnownFileType = folder.assetcatalog; path = Images.xcassets; sourceTree = "<group>"; };
		6003F5AE195388D20070C39A /* PhotoEditor_Tests.xctest */ = {isa = PBXFileReference; explicitFileType = wrapper.cfbundle; includeInIndex = 0; path = PhotoEditor_Tests.xctest; sourceTree = BUILT_PRODUCTS_DIR; };
		6003F5AF195388D20070C39A /* XCTest.framework */ = {isa = PBXFileReference; lastKnownFileType = wrapper.framework; name = XCTest.framework; path = Library/Frameworks/XCTest.framework; sourceTree = DEVELOPER_DIR; };
		6003F5B7195388D20070C39A /* Tests-Info.plist */ = {isa = PBXFileReference; lastKnownFileType = text.plist.xml; path = "Tests-Info.plist"; sourceTree = "<group>"; };
		6003F5BB195388D20070C39A /* Tests.m */ = {isa = PBXFileReference; lastKnownFileType = sourcecode.c.objc; path = Tests.m; sourceTree = "<group>"; };
		606FC2411953D9B200FFA9A0 /* Tests-Prefix.pch */ = {isa = PBXFileReference; lastKnownFileType = sourcecode.c.h; path = "Tests-Prefix.pch"; sourceTree = "<group>"; };
		643865EA81E2D0E01F385DD1 /* README.md */ = {isa = PBXFileReference; includeInIndex = 1; lastKnownFileType = net.daringfireball.markdown; name = README.md; path = ../README.md; sourceTree = "<group>"; };
		71719F9E1E33DC2100824A3D /* Base */ = {isa = PBXFileReference; lastKnownFileType = file.storyboard; name = Base; path = Base.lproj/LaunchScreen.storyboard; sourceTree = "<group>"; };
		8507AA87B7A5BA6634AE289A /* Pods-PhotoEditor_Tests.release.xcconfig */ = {isa = PBXFileReference; includeInIndex = 1; lastKnownFileType = text.xcconfig; name = "Pods-PhotoEditor_Tests.release.xcconfig"; path = "Target Support Files/Pods-PhotoEditor_Tests/Pods-PhotoEditor_Tests.release.xcconfig"; sourceTree = "<group>"; };
		873B8AEA1B1F5CCA007FD442 /* Main.storyboard */ = {isa = PBXFileReference; fileEncoding = 4; lastKnownFileType = file.storyboard; name = Main.storyboard; path = Base.lproj/Main.storyboard; sourceTree = "<group>"; };
		8ED7C71DF56B4DCEFABF6262 /* LICENSE */ = {isa = PBXFileReference; includeInIndex = 1; lastKnownFileType = text; name = LICENSE; path = ../LICENSE; sourceTree = "<group>"; };
		D79B9478BFF6381583214FF9 /* PhotoEditor.podspec */ = {isa = PBXFileReference; includeInIndex = 1; lastKnownFileType = text; name = PhotoEditor.podspec; path = ../PhotoEditor.podspec; sourceTree = "<group>"; };
		E5AB3D7841FDFC8260EE39FD /* Pods_PhotoEditor_Tests.framework */ = {isa = PBXFileReference; explicitFileType = wrapper.framework; includeInIndex = 0; path = Pods_PhotoEditor_Tests.framework; sourceTree = BUILT_PRODUCTS_DIR; };
		E9142D422628523F00572E91 /* PAEBPhotoEditGraffitiColorView.h */ = {isa = PBXFileReference; lastKnownFileType = sourcecode.c.h; path = PAEBPhotoEditGraffitiColorView.h; sourceTree = "<group>"; };
		E9142D432628523F00572E91 /* PAEBPhotoEditGraffitiColorView.m */ = {isa = PBXFileReference; lastKnownFileType = sourcecode.c.objc; path = PAEBPhotoEditGraffitiColorView.m; sourceTree = "<group>"; };
		E9142D4D26292CD000572E91 /* PAEBPhotoEditClippingToolBar.h */ = {isa = PBXFileReference; lastKnownFileType = sourcecode.c.h; path = PAEBPhotoEditClippingToolBar.h; sourceTree = "<group>"; };
		E9142D4E26292CD000572E91 /* PAEBPhotoEditClippingToolBar.m */ = {isa = PBXFileReference; lastKnownFileType = sourcecode.c.objc; path = PAEBPhotoEditClippingToolBar.m; sourceTree = "<group>"; };
		E9142D602629848D00572E91 /* PAEBPhotoEditMosaicView.h */ = {isa = PBXFileReference; lastKnownFileType = sourcecode.c.h; path = PAEBPhotoEditMosaicView.h; sourceTree = "<group>"; };
		E9142D612629848D00572E91 /* PAEBPhotoEditMosaicView.m */ = {isa = PBXFileReference; lastKnownFileType = sourcecode.c.objc; path = PAEBPhotoEditMosaicView.m; sourceTree = "<group>"; };
		E9CB8DD526466E4D00EA4036 /* NSBundle+HXExtension.h */ = {isa = PBXFileReference; lastKnownFileType = sourcecode.c.h; path = "NSBundle+HXExtension.h"; sourceTree = "<group>"; };
		E9CB8DD626466E4D00EA4036 /* NSBundle+HXExtension.m */ = {isa = PBXFileReference; lastKnownFileType = sourcecode.c.objc; path = "NSBundle+HXExtension.m"; sourceTree = "<group>"; };
		E9CB8DE026466FCE00EA4036 /* PAEBPhotoEditor.bundle */ = {isa = PBXFileReference; lastKnownFileType = "wrapper.plug-in"; path = PAEBPhotoEditor.bundle; sourceTree = "<group>"; };
		E9E0F03E261D55D00047146E /* PAEBPhotoEditViewController.h */ = {isa = PBXFileReference; lastKnownFileType = sourcecode.c.h; path = PAEBPhotoEditViewController.h; sourceTree = "<group>"; };
		E9E0F03F261D55D00047146E /* PAEBPhotoEditViewController.m */ = {isa = PBXFileReference; lastKnownFileType = sourcecode.c.objc; path = PAEBPhotoEditViewController.m; sourceTree = "<group>"; };
		E9E0F045261D56E10047146E /* UIColor+HXExtension.h */ = {isa = PBXFileReference; lastKnownFileType = sourcecode.c.h; path = "UIColor+HXExtension.h"; sourceTree = "<group>"; };
		E9E0F046261D56E10047146E /* UIColor+HXExtension.m */ = {isa = PBXFileReference; lastKnownFileType = sourcecode.c.objc; path = "UIColor+HXExtension.m"; sourceTree = "<group>"; };
		E9E0F04C261D574E0047146E /* UIButton+HXExtension.h */ = {isa = PBXFileReference; lastKnownFileType = sourcecode.c.h; path = "UIButton+HXExtension.h"; sourceTree = "<group>"; };
		E9E0F04D261D574E0047146E /* UIButton+HXExtension.m */ = {isa = PBXFileReference; lastKnownFileType = sourcecode.c.objc; path = "UIButton+HXExtension.m"; sourceTree = "<group>"; };
		E9E0F051261D59BD0047146E /* PAEBPhotoEditConfiguration.h */ = {isa = PBXFileReference; lastKnownFileType = sourcecode.c.h; path = PAEBPhotoEditConfiguration.h; sourceTree = "<group>"; };
		E9E0F052261D59BD0047146E /* PAEBPhotoEditConfiguration.m */ = {isa = PBXFileReference; lastKnownFileType = sourcecode.c.objc; path = PAEBPhotoEditConfiguration.m; sourceTree = "<group>"; };
		E9E0F058261D60550047146E /* PAEBPhotoEdit.h */ = {isa = PBXFileReference; lastKnownFileType = sourcecode.c.h; path = PAEBPhotoEdit.h; sourceTree = "<group>"; };
		E9E0F059261D60550047146E /* PAEBPhotoEdit.m */ = {isa = PBXFileReference; lastKnownFileType = sourcecode.c.objc; path = PAEBPhotoEdit.m; sourceTree = "<group>"; };
		E9E0F05D261D610E0047146E /* UIImage+HXExtension.h */ = {isa = PBXFileReference; lastKnownFileType = sourcecode.c.h; path = "UIImage+HXExtension.h"; sourceTree = "<group>"; };
		E9E0F05E261D610E0047146E /* UIImage+HXExtension.m */ = {isa = PBXFileReference; lastKnownFileType = sourcecode.c.objc; path = "UIImage+HXExtension.m"; sourceTree = "<group>"; };
		E9E0F073261D85510047146E /* PAEBPhotoEditDefine.h */ = {isa = PBXFileReference; lastKnownFileType = sourcecode.c.h; path = PAEBPhotoEditDefine.h; sourceTree = "<group>"; };
		E9E0F078261D90A80047146E /* PAEBHXCancelBlock.h */ = {isa = PBXFileReference; lastKnownFileType = sourcecode.c.h; path = PAEBHXCancelBlock.h; sourceTree = "<group>"; };
		E9E0F079261D90A80047146E /* PAEBHXCancelBlock.m */ = {isa = PBXFileReference; lastKnownFileType = sourcecode.c.objc; path = PAEBHXCancelBlock.m; sourceTree = "<group>"; };
		E9E0F083261D99740047146E /* UIView+HXExtension.h */ = {isa = PBXFileReference; lastKnownFileType = sourcecode.c.h; path = "UIView+HXExtension.h"; sourceTree = "<group>"; };
		E9E0F084261D99740047146E /* UIView+HXExtension.m */ = {isa = PBXFileReference; lastKnownFileType = sourcecode.c.objc; path = "UIView+HXExtension.m"; sourceTree = "<group>"; };
		E9E0F1482623DEDA0047146E /* PAEBPhotoModel.h */ = {isa = PBXFileReference; lastKnownFileType = sourcecode.c.h; path = PAEBPhotoModel.h; sourceTree = "<group>"; };
		E9E0F1492623DEDA0047146E /* PAEBPhotoModel.m */ = {isa = PBXFileReference; lastKnownFileType = sourcecode.c.objc; path = PAEBPhotoModel.m; sourceTree = "<group>"; };
		E9E0F15826242C320047146E /* PAEBPhotoEditBottomView.h */ = {isa = PBXFileReference; lastKnownFileType = sourcecode.c.h; path = PAEBPhotoEditBottomView.h; sourceTree = "<group>"; };
		E9E0F15926242C320047146E /* PAEBPhotoEditBottomView.m */ = {isa = PBXFileReference; lastKnownFileType = sourcecode.c.objc; path = PAEBPhotoEditBottomView.m; sourceTree = "<group>"; };
		E9E0F177262465750047146E /* PAEBPhotoEditingView.h */ = {isa = PBXFileReference; lastKnownFileType = sourcecode.c.h; path = PAEBPhotoEditingView.h; sourceTree = "<group>"; };
		E9E0F178262465750047146E /* PAEBPhotoEditingView.m */ = {isa = PBXFileReference; lastKnownFileType = sourcecode.c.objc; path = PAEBPhotoEditingView.m; sourceTree = "<group>"; };
		E9E0F17C262520860047146E /* PAEBPhotoClippingView.h */ = {isa = PBXFileReference; lastKnownFileType = sourcecode.c.h; path = PAEBPhotoClippingView.h; sourceTree = "<group>"; };
		E9E0F17D262520860047146E /* PAEBPhotoClippingView.m */ = {isa = PBXFileReference; lastKnownFileType = sourcecode.c.objc; path = PAEBPhotoClippingView.m; sourceTree = "<group>"; };
		E9E0F1812625259D0047146E /* PAEBPhotoEditDrawView.h */ = {isa = PBXFileReference; lastKnownFileType = sourcecode.c.h; path = PAEBPhotoEditDrawView.h; sourceTree = "<group>"; };
		E9E0F1822625259D0047146E /* PAEBPhotoEditDrawView.m */ = {isa = PBXFileReference; lastKnownFileType = sourcecode.c.objc; path = PAEBPhotoEditDrawView.m; sourceTree = "<group>"; };
		E9E0F18826253B290047146E /* PAEBPhotoEditStickerView.h */ = {isa = PBXFileReference; lastKnownFileType = sourcecode.c.h; path = PAEBPhotoEditStickerView.h; sourceTree = "<group>"; };
		E9E0F18926253B290047146E /* PAEBPhotoEditStickerView.m */ = {isa = PBXFileReference; lastKnownFileType = sourcecode.c.objc; path = PAEBPhotoEditStickerView.m; sourceTree = "<group>"; };
		E9E0F18D26253C8D0047146E /* PAEBPhotoEditTextView.h */ = {isa = PBXFileReference; lastKnownFileType = sourcecode.c.h; path = PAEBPhotoEditTextView.h; sourceTree = "<group>"; };
		E9E0F18E26253C8D0047146E /* PAEBPhotoEditTextView.m */ = {isa = PBXFileReference; lastKnownFileType = sourcecode.c.objc; path = PAEBPhotoEditTextView.m; sourceTree = "<group>"; };
		E9E0F192262541650047146E /* PAEBPhotoEditGraffitiColorModel.h */ = {isa = PBXFileReference; lastKnownFileType = sourcecode.c.h; path = PAEBPhotoEditGraffitiColorModel.h; sourceTree = "<group>"; };
		E9E0F193262541650047146E /* PAEBPhotoEditGraffitiColorModel.m */ = {isa = PBXFileReference; lastKnownFileType = sourcecode.c.objc; path = PAEBPhotoEditGraffitiColorModel.m; sourceTree = "<group>"; };
		E9E0F19D26254ABB0047146E /* UIFont+HXExtension.h */ = {isa = PBXFileReference; lastKnownFileType = sourcecode.c.h; path = "UIFont+HXExtension.h"; sourceTree = "<group>"; };
		E9E0F19E26254ABB0047146E /* UIFont+HXExtension.m */ = {isa = PBXFileReference; lastKnownFileType = sourcecode.c.objc; path = "UIFont+HXExtension.m"; sourceTree = "<group>"; };
		E9E0F1BC262583F70047146E /* PAEBPhotoEditGraffitiColorViewCell.h */ = {isa = PBXFileReference; lastKnownFileType = sourcecode.c.h; path = PAEBPhotoEditGraffitiColorViewCell.h; sourceTree = "<group>"; };
		E9E0F1BD262583F70047146E /* PAEBPhotoEditGraffitiColorViewCell.m */ = {isa = PBXFileReference; lastKnownFileType = sourcecode.c.objc; path = PAEBPhotoEditGraffitiColorViewCell.m; sourceTree = "<group>"; };
		E9E0F1C72625AAA10047146E /* PAEBPhotoEditImageView.h */ = {isa = PBXFileReference; lastKnownFileType = sourcecode.c.h; path = PAEBPhotoEditImageView.h; sourceTree = "<group>"; };
		E9E0F1C82625AAA10047146E /* PAEBPhotoEditImageView.m */ = {isa = PBXFileReference; lastKnownFileType = sourcecode.c.objc; path = PAEBPhotoEditImageView.m; sourceTree = "<group>"; };
		E9E0F1CC2625AB670047146E /* PAEBPhotoEditSplashView.h */ = {isa = PBXFileReference; lastKnownFileType = sourcecode.c.h; path = PAEBPhotoEditSplashView.h; sourceTree = "<group>"; };
		E9E0F1CD2625AB670047146E /* PAEBPhotoEditSplashView.m */ = {isa = PBXFileReference; lastKnownFileType = sourcecode.c.objc; path = PAEBPhotoEditSplashView.m; sourceTree = "<group>"; };
		E9E0F1D12625AC890047146E /* PAEBPhotoEditStickerItem.h */ = {isa = PBXFileReference; lastKnownFileType = sourcecode.c.h; path = PAEBPhotoEditStickerItem.h; sourceTree = "<group>"; };
		E9E0F1D22625AC890047146E /* PAEBPhotoEditStickerItem.m */ = {isa = PBXFileReference; lastKnownFileType = sourcecode.c.objc; path = PAEBPhotoEditStickerItem.m; sourceTree = "<group>"; };
		E9E0F1D62625AD410047146E /* PAEBPhotoEditStickerItemView.h */ = {isa = PBXFileReference; lastKnownFileType = sourcecode.c.h; path = PAEBPhotoEditStickerItemView.h; sourceTree = "<group>"; };
		E9E0F1D72625AD410047146E /* PAEBPhotoEditStickerItemView.m */ = {isa = PBXFileReference; lastKnownFileType = sourcecode.c.objc; path = PAEBPhotoEditStickerItemView.m; sourceTree = "<group>"; };
		E9E0F1DB2625AE250047146E /* PAEBPhotoEditStickerItemContentView.h */ = {isa = PBXFileReference; lastKnownFileType = sourcecode.c.h; path = PAEBPhotoEditStickerItemContentView.h; sourceTree = "<group>"; };
		E9E0F1DC2625AE250047146E /* PAEBPhotoEditStickerItemContentView.m */ = {isa = PBXFileReference; lastKnownFileType = sourcecode.c.objc; path = PAEBPhotoEditStickerItemContentView.m; sourceTree = "<group>"; };
		E9E0F1E02625B5590047146E /* PAEBPhotoEditStickerTrashView.h */ = {isa = PBXFileReference; lastKnownFileType = sourcecode.c.h; path = PAEBPhotoEditStickerTrashView.h; sourceTree = "<group>"; };
		E9E0F1E12625B5590047146E /* PAEBPhotoEditStickerTrashView.m */ = {isa = PBXFileReference; lastKnownFileType = sourcecode.c.objc; path = PAEBPhotoEditStickerTrashView.m; sourceTree = "<group>"; };
		E9E0F1F326267AE90047146E /* PAEBPhotoEditSplashMaskLayer.h */ = {isa = PBXFileReference; lastKnownFileType = sourcecode.c.h; path = PAEBPhotoEditSplashMaskLayer.h; sourceTree = "<group>"; };
		E9E0F1F426267AE90047146E /* PAEBPhotoEditSplashMaskLayer.m */ = {isa = PBXFileReference; lastKnownFileType = sourcecode.c.objc; path = PAEBPhotoEditSplashMaskLayer.m; sourceTree = "<group>"; };
		E9E0F1F82626C4FB0047146E /* PAEBPhotoEditGridView.h */ = {isa = PBXFileReference; lastKnownFileType = sourcecode.c.h; path = PAEBPhotoEditGridView.h; sourceTree = "<group>"; };
		E9E0F1F92626C4FB0047146E /* PAEBPhotoEditGridView.m */ = {isa = PBXFileReference; lastKnownFileType = sourcecode.c.objc; path = PAEBPhotoEditGridView.m; sourceTree = "<group>"; };
		E9E0F1FD2626C5EC0047146E /* PAEBPhotoEditGridLayer.h */ = {isa = PBXFileReference; lastKnownFileType = sourcecode.c.h; path = PAEBPhotoEditGridLayer.h; sourceTree = "<group>"; };
		E9E0F1FE2626C5EC0047146E /* PAEBPhotoEditGridLayer.m */ = {isa = PBXFileReference; lastKnownFileType = sourcecode.c.objc; path = PAEBPhotoEditGridLayer.m; sourceTree = "<group>"; };
		E9E0F2022626C6680047146E /* PAEBPhotoEditGridMaskLayer.h */ = {isa = PBXFileReference; lastKnownFileType = sourcecode.c.h; path = PAEBPhotoEditGridMaskLayer.h; sourceTree = "<group>"; };
		E9E0F2032626C6680047146E /* PAEBPhotoEditGridMaskLayer.m */ = {isa = PBXFileReference; lastKnownFileType = sourcecode.c.objc; path = PAEBPhotoEditGridMaskLayer.m; sourceTree = "<group>"; };
		E9E0F2072626C85E0047146E /* PAEBPhotoEditResizeControl.h */ = {isa = PBXFileReference; lastKnownFileType = sourcecode.c.h; path = PAEBPhotoEditResizeControl.h; sourceTree = "<group>"; };
		E9E0F2082626C85E0047146E /* PAEBPhotoEditResizeControl.m */ = {isa = PBXFileReference; lastKnownFileType = sourcecode.c.objc; path = PAEBPhotoEditResizeControl.m; sourceTree = "<group>"; };
		E9E0F20C2626FB3B0047146E /* PAEBAssetManager.h */ = {isa = PBXFileReference; lastKnownFileType = sourcecode.c.h; path = PAEBAssetManager.h; sourceTree = "<group>"; };
		E9E0F20D2626FB3B0047146E /* PAEBAssetManager.m */ = {isa = PBXFileReference; lastKnownFileType = sourcecode.c.objc; path = PAEBAssetManager.m; sourceTree = "<group>"; };
		E9E0F2112627089C0047146E /* NSString+HXExtension.h */ = {isa = PBXFileReference; lastKnownFileType = sourcecode.c.h; path = "NSString+HXExtension.h"; sourceTree = "<group>"; };
		E9E0F2122627089C0047146E /* NSString+HXExtension.m */ = {isa = PBXFileReference; lastKnownFileType = sourcecode.c.objc; path = "NSString+HXExtension.m"; sourceTree = "<group>"; };
/* End PBXFileReference section */

/* Begin PBXFrameworksBuildPhase section */
		6003F587195388D20070C39A /* Frameworks */ = {
			isa = PBXFrameworksBuildPhase;
			buildActionMask = 2147483647;
			files = (
				6003F590195388D20070C39A /* CoreGraphics.framework in Frameworks */,
				6003F592195388D20070C39A /* UIKit.framework in Frameworks */,
				6003F58E195388D20070C39A /* Foundation.framework in Frameworks */,
				704DA4792FD11F805EA151DF /* Pods_PhotoEditor_Example.framework in Frameworks */,
			);
			runOnlyForDeploymentPostprocessing = 0;
		};
		6003F5AB195388D20070C39A /* Frameworks */ = {
			isa = PBXFrameworksBuildPhase;
			buildActionMask = 2147483647;
			files = (
				6003F5B0195388D20070C39A /* XCTest.framework in Frameworks */,
				6003F5B2195388D20070C39A /* UIKit.framework in Frameworks */,
				6003F5B1195388D20070C39A /* Foundation.framework in Frameworks */,
				BCF2F964762C1F1AD769E023 /* Pods_PhotoEditor_Tests.framework in Frameworks */,
			);
			runOnlyForDeploymentPostprocessing = 0;
		};
/* End PBXFrameworksBuildPhase section */

/* Begin PBXGroup section */
		12BF7D0902A977C52BBE219A /* Pods */ = {
			isa = PBXGroup;
			children = (
				0598D0BE5D6E8D3B2CD3DCC3 /* Pods-PhotoEditor_Example.debug.xcconfig */,
				031FE385BDF7F5367683BC5F /* Pods-PhotoEditor_Example.release.xcconfig */,
				130C655AB253505D8E4AD778 /* Pods-PhotoEditor_Tests.debug.xcconfig */,
				8507AA87B7A5BA6634AE289A /* Pods-PhotoEditor_Tests.release.xcconfig */,
			);
			path = Pods;
			sourceTree = "<group>";
		};
		6003F581195388D10070C39A = {
			isa = PBXGroup;
			children = (
				60FF7A9C1954A5C5007DD14C /* Podspec Metadata */,
				6003F593195388D20070C39A /* Example for PhotoEditor */,
				6003F5B5195388D20070C39A /* Tests */,
				6003F58C195388D20070C39A /* Frameworks */,
				6003F58B195388D20070C39A /* Products */,
				12BF7D0902A977C52BBE219A /* Pods */,
			);
			sourceTree = "<group>";
		};
		6003F58B195388D20070C39A /* Products */ = {
			isa = PBXGroup;
			children = (
				6003F58A195388D20070C39A /* PhotoEditor_Example.app */,
				6003F5AE195388D20070C39A /* PhotoEditor_Tests.xctest */,
			);
			name = Products;
			sourceTree = "<group>";
		};
		6003F58C195388D20070C39A /* Frameworks */ = {
			isa = PBXGroup;
			children = (
				6003F58D195388D20070C39A /* Foundation.framework */,
				6003F58F195388D20070C39A /* CoreGraphics.framework */,
				6003F591195388D20070C39A /* UIKit.framework */,
				6003F5AF195388D20070C39A /* XCTest.framework */,
				10F66ACBCCED0589644B2B38 /* Pods_PhotoEditor_Example.framework */,
				E5AB3D7841FDFC8260EE39FD /* Pods_PhotoEditor_Tests.framework */,
			);
			name = Frameworks;
			sourceTree = "<group>";
		};
		6003F593195388D20070C39A /* Example for PhotoEditor */ = {
			isa = PBXGroup;
			children = (
				E9E0F069261D627B0047146E /* Class */,
				6003F59C195388D20070C39A /* HXAppDelegate.h */,
				6003F59D195388D20070C39A /* HXAppDelegate.m */,
				873B8AEA1B1F5CCA007FD442 /* Main.storyboard */,
				6003F5A5195388D20070C39A /* HXViewController.h */,
				6003F5A6195388D20070C39A /* HXViewController.m */,
				71719F9D1E33DC2100824A3D /* LaunchScreen.storyboard */,
				6003F5A8195388D20070C39A /* Images.xcassets */,
				6003F594195388D20070C39A /* Supporting Files */,
			);
			name = "Example for PhotoEditor";
			path = PhotoEditor;
			sourceTree = "<group>";
		};
		6003F594195388D20070C39A /* Supporting Files */ = {
			isa = PBXGroup;
			children = (
				6003F595195388D20070C39A /* PhotoEditor-Info.plist */,
				6003F599195388D20070C39A /* main.m */,
				6003F59B195388D20070C39A /* PhotoEditor-Prefix.pch */,
				E9CB8DE026466FCE00EA4036 /* PAEBPhotoEditor.bundle */,
			);
			name = "Supporting Files";
			sourceTree = "<group>";
		};
		6003F5B5195388D20070C39A /* Tests */ = {
			isa = PBXGroup;
			children = (
				6003F5BB195388D20070C39A /* Tests.m */,
				6003F5B6195388D20070C39A /* Supporting Files */,
			);
			path = Tests;
			sourceTree = "<group>";
		};
		6003F5B6195388D20070C39A /* Supporting Files */ = {
			isa = PBXGroup;
			children = (
				6003F5B7195388D20070C39A /* Tests-Info.plist */,
				606FC2411953D9B200FFA9A0 /* Tests-Prefix.pch */,
			);
			name = "Supporting Files";
			sourceTree = "<group>";
		};
		60FF7A9C1954A5C5007DD14C /* Podspec Metadata */ = {
			isa = PBXGroup;
			children = (
				D79B9478BFF6381583214FF9 /* PhotoEditor.podspec */,
				643865EA81E2D0E01F385DD1 /* README.md */,
				8ED7C71DF56B4DCEFABF6262 /* LICENSE */,
			);
			name = "Podspec Metadata";
			sourceTree = "<group>";
		};
		E9E0F062261D613F0047146E /* Controller */ = {
			isa = PBXGroup;
			children = (
				E9E0F03E261D55D00047146E /* PAEBPhotoEditViewController.h */,
				E9E0F03F261D55D00047146E /* PAEBPhotoEditViewController.m */,
			);
			path = Controller;
			sourceTree = "<group>";
		};
		E9E0F063261D61670047146E /* Model */ = {
			isa = PBXGroup;
			children = (
				E9E0F051261D59BD0047146E /* PAEBPhotoEditConfiguration.h */,
				E9E0F052261D59BD0047146E /* PAEBPhotoEditConfiguration.m */,
				E9E0F058261D60550047146E /* PAEBPhotoEdit.h */,
				E9E0F059261D60550047146E /* PAEBPhotoEdit.m */,
				E9E0F078261D90A80047146E /* PAEBHXCancelBlock.h */,
				E9E0F079261D90A80047146E /* PAEBHXCancelBlock.m */,
				E9E0F1482623DEDA0047146E /* PAEBPhotoModel.h */,
				E9E0F1492623DEDA0047146E /* PAEBPhotoModel.m */,
				E9E0F192262541650047146E /* PAEBPhotoEditGraffitiColorModel.h */,
				E9E0F193262541650047146E /* PAEBPhotoEditGraffitiColorModel.m */,
				E9E0F1D12625AC890047146E /* PAEBPhotoEditStickerItem.h */,
				E9E0F1D22625AC890047146E /* PAEBPhotoEditStickerItem.m */,
			);
			path = Model;
			sourceTree = "<group>";
		};
		E9E0F066261D61DC0047146E /* Category */ = {
			isa = PBXGroup;
			children = (
				E9E0F045261D56E10047146E /* UIColor+HXExtension.h */,
				E9E0F046261D56E10047146E /* UIColor+HXExtension.m */,
				E9E0F04C261D574E0047146E /* UIButton+HXExtension.h */,
				E9E0F04D261D574E0047146E /* UIButton+HXExtension.m */,
				E9E0F05D261D610E0047146E /* UIImage+HXExtension.h */,
				E9E0F05E261D610E0047146E /* UIImage+HXExtension.m */,
				E9E0F083261D99740047146E /* UIView+HXExtension.h */,
				E9E0F084261D99740047146E /* UIView+HXExtension.m */,
				E9E0F19D26254ABB0047146E /* UIFont+HXExtension.h */,
				E9E0F19E26254ABB0047146E /* UIFont+HXExtension.m */,
				E9E0F2112627089C0047146E /* NSString+HXExtension.h */,
				E9E0F2122627089C0047146E /* NSString+HXExtension.m */,
				E9CB8DD526466E4D00EA4036 /* NSBundle+HXExtension.h */,
				E9CB8DD626466E4D00EA4036 /* NSBundle+HXExtension.m */,
			);
			path = Category;
			sourceTree = "<group>";
		};
		E9E0F069261D627B0047146E /* Class */ = {
			isa = PBXGroup;
			children = (
				E9E0F062261D613F0047146E /* Controller */,
				E9E0F072261D630F0047146E /* View */,
				E9E0F063261D61670047146E /* Model */,
				E9E0F066261D61DC0047146E /* Category */,
				E9E0F073261D85510047146E /* PAEBPhotoEditDefine.h */,
				E9E0F20C2626FB3B0047146E /* PAEBAssetManager.h */,
				E9E0F20D2626FB3B0047146E /* PAEBAssetManager.m */,
			);
			path = Class;
			sourceTree = "<group>";
		};
		E9E0F072261D630F0047146E /* View */ = {
			isa = PBXGroup;
			children = (
				E9E0F15826242C320047146E /* PAEBPhotoEditBottomView.h */,
				E9E0F15926242C320047146E /* PAEBPhotoEditBottomView.m */,
				E9142D422628523F00572E91 /* PAEBPhotoEditGraffitiColorView.h */,
				E9142D432628523F00572E91 /* PAEBPhotoEditGraffitiColorView.m */,
				E9142D4D26292CD000572E91 /* PAEBPhotoEditClippingToolBar.h */,
				E9142D4E26292CD000572E91 /* PAEBPhotoEditClippingToolBar.m */,
				E9142D602629848D00572E91 /* PAEBPhotoEditMosaicView.h */,
				E9142D612629848D00572E91 /* PAEBPhotoEditMosaicView.m */,
				E9E0F177262465750047146E /* PAEBPhotoEditingView.h */,
				E9E0F178262465750047146E /* PAEBPhotoEditingView.m */,
				E9E0F17C262520860047146E /* PAEBPhotoClippingView.h */,
				E9E0F17D262520860047146E /* PAEBPhotoClippingView.m */,
				E9E0F1C72625AAA10047146E /* PAEBPhotoEditImageView.h */,
				E9E0F1C82625AAA10047146E /* PAEBPhotoEditImageView.m */,
				E9E0F1812625259D0047146E /* PAEBPhotoEditDrawView.h */,
				E9E0F1822625259D0047146E /* PAEBPhotoEditDrawView.m */,
				E9E0F18826253B290047146E /* PAEBPhotoEditStickerView.h */,
				E9E0F18926253B290047146E /* PAEBPhotoEditStickerView.m */,
				E9E0F1CC2625AB670047146E /* PAEBPhotoEditSplashView.h */,
				E9E0F1CD2625AB670047146E /* PAEBPhotoEditSplashView.m */,
				E9E0F18D26253C8D0047146E /* PAEBPhotoEditTextView.h */,
				E9E0F18E26253C8D0047146E /* PAEBPhotoEditTextView.m */,
				E9E0F1BC262583F70047146E /* PAEBPhotoEditGraffitiColorViewCell.h */,
				E9E0F1BD262583F70047146E /* PAEBPhotoEditGraffitiColorViewCell.m */,
				E9E0F1D62625AD410047146E /* PAEBPhotoEditStickerItemView.h */,
				E9E0F1D72625AD410047146E /* PAEBPhotoEditStickerItemView.m */,
				E9E0F1DB2625AE250047146E /* PAEBPhotoEditStickerItemContentView.h */,
				E9E0F1DC2625AE250047146E /* PAEBPhotoEditStickerItemContentView.m */,
				E9E0F1E02625B5590047146E /* PAEBPhotoEditStickerTrashView.h */,
				E9E0F1E12625B5590047146E /* PAEBPhotoEditStickerTrashView.m */,
				E9E0F1F326267AE90047146E /* PAEBPhotoEditSplashMaskLayer.h */,
				E9E0F1F426267AE90047146E /* PAEBPhotoEditSplashMaskLayer.m */,
				E9E0F1F82626C4FB0047146E /* PAEBPhotoEditGridView.h */,
				E9E0F1F92626C4FB0047146E /* PAEBPhotoEditGridView.m */,
				E9E0F1FD2626C5EC0047146E /* PAEBPhotoEditGridLayer.h */,
				E9E0F1FE2626C5EC0047146E /* PAEBPhotoEditGridLayer.m */,
				E9E0F2022626C6680047146E /* PAEBPhotoEditGridMaskLayer.h */,
				E9E0F2032626C6680047146E /* PAEBPhotoEditGridMaskLayer.m */,
				E9E0F2072626C85E0047146E /* PAEBPhotoEditResizeControl.h */,
				E9E0F2082626C85E0047146E /* PAEBPhotoEditResizeControl.m */,
			);
			path = View;
			sourceTree = "<group>";
		};
/* End PBXGroup section */

/* Begin PBXNativeTarget section */
		6003F589195388D20070C39A /* PhotoEditor_Example */ = {
			isa = PBXNativeTarget;
			buildConfigurationList = 6003F5BF195388D20070C39A /* Build configuration list for PBXNativeTarget "PhotoEditor_Example" */;
			buildPhases = (
				DB7E3D3294346D89F0CECC6C /* [CP] Check Pods Manifest.lock */,
				6003F586195388D20070C39A /* Sources */,
				6003F587195388D20070C39A /* Frameworks */,
				6003F588195388D20070C39A /* Resources */,
				71A891EA9827B5B1A611BE7C /* [CP] Embed Pods Frameworks */,
			);
			buildRules = (
			);
			dependencies = (
			);
			name = PhotoEditor_Example;
			productName = PhotoEditor;
			productReference = 6003F58A195388D20070C39A /* PhotoEditor_Example.app */;
			productType = "com.apple.product-type.application";
		};
		6003F5AD195388D20070C39A /* PhotoEditor_Tests */ = {
			isa = PBXNativeTarget;
			buildConfigurationList = 6003F5C2195388D20070C39A /* Build configuration list for PBXNativeTarget "PhotoEditor_Tests" */;
			buildPhases = (
				D4731EB37E6C01EF3C72BCB2 /* [CP] Check Pods Manifest.lock */,
				6003F5AA195388D20070C39A /* Sources */,
				6003F5AB195388D20070C39A /* Frameworks */,
				6003F5AC195388D20070C39A /* Resources */,
			);
			buildRules = (
			);
			dependencies = (
				6003F5B4195388D20070C39A /* PBXTargetDependency */,
			);
			name = PhotoEditor_Tests;
			productName = PhotoEditorTests;
			productReference = 6003F5AE195388D20070C39A /* PhotoEditor_Tests.xctest */;
			productType = "com.apple.product-type.bundle.unit-test";
		};
/* End PBXNativeTarget section */

/* Begin PBXProject section */
		6003F582195388D10070C39A /* Project object */ = {
			isa = PBXProject;
			attributes = {
				CLASSPREFIX = PAEB;
				LastUpgradeCheck = 0720;
				ORGANIZATIONNAME = "234539037@qq.com";
				TargetAttributes = {
					6003F589195388D20070C39A = {
						DevelopmentTeam = 6963GN8XV3;
					};
					6003F5AD195388D20070C39A = {
						TestTargetID = 6003F589195388D20070C39A;
					};
				};
			};
			buildConfigurationList = 6003F585195388D10070C39A /* Build configuration list for PBXProject "PhotoEditor" */;
			compatibilityVersion = "Xcode 3.2";
			developmentRegion = en;
			hasScannedForEncodings = 0;
			knownRegions = (
				Base,
				en,
			);
			mainGroup = 6003F581195388D10070C39A;
			productRefGroup = 6003F58B195388D20070C39A /* Products */;
			projectDirPath = "";
			projectRoot = "";
			targets = (
				6003F589195388D20070C39A /* PhotoEditor_Example */,
				6003F5AD195388D20070C39A /* PhotoEditor_Tests */,
			);
		};
/* End PBXProject section */

/* Begin PBXResourcesBuildPhase section */
		6003F588195388D20070C39A /* Resources */ = {
			isa = PBXResourcesBuildPhase;
			buildActionMask = 2147483647;
			files = (
				873B8AEB1B1F5CCA007FD442 /* Main.storyboard in Resources */,
				71719F9F1E33DC2100824A3D /* LaunchScreen.storyboard in Resources */,
				E9CB8DE126466FCE00EA4036 /* PAEBPhotoEditor.bundle in Resources */,
				6003F5A9195388D20070C39A /* Images.xcassets in Resources */,
			);
			runOnlyForDeploymentPostprocessing = 0;
		};
		6003F5AC195388D20070C39A /* Resources */ = {
			isa = PBXResourcesBuildPhase;
			buildActionMask = 2147483647;
			files = (
			);
			runOnlyForDeploymentPostprocessing = 0;
		};
/* End PBXResourcesBuildPhase section */

/* Begin PBXShellScriptBuildPhase section */
		71A891EA9827B5B1A611BE7C /* [CP] Embed Pods Frameworks */ = {
			isa = PBXShellScriptBuildPhase;
			buildActionMask = 2147483647;
			files = (
			);
			inputPaths = (
				"${PODS_ROOT}/Target Support Files/Pods-PhotoEditor_Example/Pods-PhotoEditor_Example-frameworks.sh",
				"${BUILT_PRODUCTS_DIR}/PhotoEditor/PhotoEditor.framework",
				"${BUILT_PRODUCTS_DIR}/TZImagePickerController/TZImagePickerController.framework",
			);
			name = "[CP] Embed Pods Frameworks";
			outputPaths = (
				"${TARGET_BUILD_DIR}/${FRAMEWORKS_FOLDER_PATH}/PhotoEditor.framework",
				"${TARGET_BUILD_DIR}/${FRAMEWORKS_FOLDER_PATH}/TZImagePickerController.framework",
			);
			runOnlyForDeploymentPostprocessing = 0;
			shellPath = /bin/sh;
			shellScript = "\"${PODS_ROOT}/Target Support Files/Pods-PhotoEditor_Example/Pods-PhotoEditor_Example-frameworks.sh\"\n";
			showEnvVarsInLog = 0;
		};
		D4731EB37E6C01EF3C72BCB2 /* [CP] Check Pods Manifest.lock */ = {
			isa = PBXShellScriptBuildPhase;
			buildActionMask = 2147483647;
			files = (
			);
			inputFileListPaths = (
			);
			inputPaths = (
				"${PODS_PODFILE_DIR_PATH}/Podfile.lock",
				"${PODS_ROOT}/Manifest.lock",
			);
			name = "[CP] Check Pods Manifest.lock";
			outputFileListPaths = (
			);
			outputPaths = (
				"$(DERIVED_FILE_DIR)/Pods-PhotoEditor_Tests-checkManifestLockResult.txt",
			);
			runOnlyForDeploymentPostprocessing = 0;
			shellPath = /bin/sh;
			shellScript = "diff \"${PODS_PODFILE_DIR_PATH}/Podfile.lock\" \"${PODS_ROOT}/Manifest.lock\" > /dev/null\nif [ $? != 0 ] ; then\n    # print error to STDERR\n    echo \"error: The sandbox is not in sync with the Podfile.lock. Run 'pod install' or update your CocoaPods installation.\" >&2\n    exit 1\nfi\n# This output is used by Xcode 'outputs' to avoid re-running this script phase.\necho \"SUCCESS\" > \"${SCRIPT_OUTPUT_FILE_0}\"\n";
			showEnvVarsInLog = 0;
		};
		DB7E3D3294346D89F0CECC6C /* [CP] Check Pods Manifest.lock */ = {
			isa = PBXShellScriptBuildPhase;
			buildActionMask = 2147483647;
			files = (
			);
			inputFileListPaths = (
			);
			inputPaths = (
				"${PODS_PODFILE_DIR_PATH}/Podfile.lock",
				"${PODS_ROOT}/Manifest.lock",
			);
			name = "[CP] Check Pods Manifest.lock";
			outputFileListPaths = (
			);
			outputPaths = (
				"$(DERIVED_FILE_DIR)/Pods-PhotoEditor_Example-checkManifestLockResult.txt",
			);
			runOnlyForDeploymentPostprocessing = 0;
			shellPath = /bin/sh;
			shellScript = "diff \"${PODS_PODFILE_DIR_PATH}/Podfile.lock\" \"${PODS_ROOT}/Manifest.lock\" > /dev/null\nif [ $? != 0 ] ; then\n    # print error to STDERR\n    echo \"error: The sandbox is not in sync with the Podfile.lock. Run 'pod install' or update your CocoaPods installation.\" >&2\n    exit 1\nfi\n# This output is used by Xcode 'outputs' to avoid re-running this script phase.\necho \"SUCCESS\" > \"${SCRIPT_OUTPUT_FILE_0}\"\n";
			showEnvVarsInLog = 0;
		};
/* End PBXShellScriptBuildPhase section */

/* Begin PBXSourcesBuildPhase section */
		6003F586195388D20070C39A /* Sources */ = {
			isa = PBXSourcesBuildPhase;
			buildActionMask = 2147483647;
			files = (
				E9E0F1D82625AD410047146E /* PAEBPhotoEditStickerItemView.m in Sources */,
				6003F59E195388D20070C39A /* HXAppDelegate.m in Sources */,
				E9E0F1DD2625AE250047146E /* PAEBPhotoEditStickerItemContentView.m in Sources */,
				E9142D622629848D00572E91 /* PAEBPhotoEditMosaicView.m in Sources */,
				E9E0F20E2626FB3B0047146E /* PAEBAssetManager.m in Sources */,
				E9E0F04E261D574E0047146E /* UIButton+HXExtension.m in Sources */,
				E9E0F18F26253C8D0047146E /* PAEBPhotoEditTextView.m in Sources */,
				E9142D4F26292CD000572E91 /* PAEBPhotoEditClippingToolBar.m in Sources */,
				E9CB8DD726466E4E00EA4036 /* NSBundle+HXExtension.m in Sources */,
				E9E0F1F526267AE90047146E /* PAEBPhotoEditSplashMaskLayer.m in Sources */,
				E9E0F05A261D60550047146E /* PAEBPhotoEdit.m in Sources */,
				E9E0F19F26254ABB0047146E /* UIFont+HXExtension.m in Sources */,
				E9142D442628523F00572E91 /* PAEBPhotoEditGraffitiColorView.m in Sources */,
				E9E0F1832625259D0047146E /* PAEBPhotoEditDrawView.m in Sources */,
				E9E0F07A261D90A80047146E /* PAEBHXCancelBlock.m in Sources */,
				E9E0F14A2623DEDA0047146E /* PAEBPhotoModel.m in Sources */,
				E9E0F15A26242C320047146E /* PAEBPhotoEditBottomView.m in Sources */,
				E9E0F17E262520860047146E /* PAEBPhotoClippingView.m in Sources */,
				E9E0F085261D99740047146E /* UIView+HXExtension.m in Sources */,
				6003F5A7195388D20070C39A /* HXViewController.m in Sources */,
				E9E0F1CE2625AB670047146E /* PAEBPhotoEditSplashView.m in Sources */,
				E9E0F1FA2626C4FB0047146E /* PAEBPhotoEditGridView.m in Sources */,
				E9E0F179262465750047146E /* PAEBPhotoEditingView.m in Sources */,
				E9E0F2092626C85E0047146E /* PAEBPhotoEditResizeControl.m in Sources */,
				E9E0F194262541650047146E /* PAEBPhotoEditGraffitiColorModel.m in Sources */,
				E9E0F047261D56E10047146E /* UIColor+HXExtension.m in Sources */,
				E9E0F1FF2626C5EC0047146E /* PAEBPhotoEditGridLayer.m in Sources */,
				E9E0F2132627089C0047146E /* NSString+HXExtension.m in Sources */,
				6003F59A195388D20070C39A /* main.m in Sources */,
				E9E0F1D32625AC890047146E /* PAEBPhotoEditStickerItem.m in Sources */,
				E9E0F1BE262583F70047146E /* PAEBPhotoEditGraffitiColorViewCell.m in Sources */,
				E9E0F1E22625B5590047146E /* PAEBPhotoEditStickerTrashView.m in Sources */,
				E9E0F053261D59BD0047146E /* PAEBPhotoEditConfiguration.m in Sources */,
				E9E0F05F261D610E0047146E /* UIImage+HXExtension.m in Sources */,
				E9E0F18A26253B290047146E /* PAEBPhotoEditStickerView.m in Sources */,
				E9E0F040261D55D00047146E /* PAEBPhotoEditViewController.m in Sources */,
				E9E0F1C92625AAA10047146E /* PAEBPhotoEditImageView.m in Sources */,
				E9E0F2042626C6680047146E /* PAEBPhotoEditGridMaskLayer.m in Sources */,
			);
			runOnlyForDeploymentPostprocessing = 0;
		};
		6003F5AA195388D20070C39A /* Sources */ = {
			isa = PBXSourcesBuildPhase;
			buildActionMask = 2147483647;
			files = (
				6003F5BC195388D20070C39A /* Tests.m in Sources */,
			);
			runOnlyForDeploymentPostprocessing = 0;
		};
/* End PBXSourcesBuildPhase section */

/* Begin PBXTargetDependency section */
		6003F5B4195388D20070C39A /* PBXTargetDependency */ = {
			isa = PBXTargetDependency;
			target = 6003F589195388D20070C39A /* PhotoEditor_Example */;
			targetProxy = 6003F5B3195388D20070C39A /* PBXContainerItemProxy */;
		};
/* End PBXTargetDependency section */

/* Begin PBXVariantGroup section */
		71719F9D1E33DC2100824A3D /* LaunchScreen.storyboard */ = {
			isa = PBXVariantGroup;
			children = (
				71719F9E1E33DC2100824A3D /* Base */,
			);
			name = LaunchScreen.storyboard;
			sourceTree = "<group>";
		};
/* End PBXVariantGroup section */

/* Begin XCBuildConfiguration section */
		6003F5BD195388D20070C39A /* Debug */ = {
			isa = XCBuildConfiguration;
			buildSettings = {
				ALWAYS_SEARCH_USER_PATHS = NO;
				CLANG_CXX_LANGUAGE_STANDARD = "gnu++0x";
				CLANG_CXX_LIBRARY = "libc++";
				CLANG_ENABLE_MODULES = YES;
				CLANG_ENABLE_OBJC_ARC = YES;
				CLANG_WARN_BOOL_CONVERSION = YES;
				CLANG_WARN_CONSTANT_CONVERSION = YES;
				CLANG_WARN_DIRECT_OBJC_ISA_USAGE = YES_ERROR;
				CLANG_WARN_EMPTY_BODY = YES;
				CLANG_WARN_ENUM_CONVERSION = YES;
				CLANG_WARN_INT_CONVERSION = YES;
				CLANG_WARN_OBJC_ROOT_CLASS = YES_ERROR;
				CLANG_WARN__DUPLICATE_METHOD_MATCH = YES;
				"CODE_SIGN_IDENTITY[sdk=iphoneos*]" = "iPhone Developer";
				COPY_PHASE_STRIP = NO;
				ENABLE_TESTABILITY = YES;
				GCC_C_LANGUAGE_STANDARD = gnu99;
				GCC_DYNAMIC_NO_PIC = NO;
				GCC_OPTIMIZATION_LEVEL = 0;
				GCC_PREPROCESSOR_DEFINITIONS = (
					"DEBUG=1",
					"$(inherited)",
				);
				GCC_SYMBOLS_PRIVATE_EXTERN = NO;
				GCC_WARN_64_TO_32_BIT_CONVERSION = YES;
				GCC_WARN_ABOUT_RETURN_TYPE = YES_ERROR;
				GCC_WARN_UNDECLARED_SELECTOR = YES;
				GCC_WARN_UNINITIALIZED_AUTOS = YES_AGGRESSIVE;
				GCC_WARN_UNUSED_FUNCTION = YES;
				GCC_WARN_UNUSED_VARIABLE = YES;
				IPHONEOS_DEPLOYMENT_TARGET = 9.3;
				ONLY_ACTIVE_ARCH = YES;
				SDKROOT = iphoneos;
				TARGETED_DEVICE_FAMILY = "1,2";
			};
			name = Debug;
		};
		6003F5BE195388D20070C39A /* Release */ = {
			isa = XCBuildConfiguration;
			buildSettings = {
				ALWAYS_SEARCH_USER_PATHS = NO;
				CLANG_CXX_LANGUAGE_STANDARD = "gnu++0x";
				CLANG_CXX_LIBRARY = "libc++";
				CLANG_ENABLE_MODULES = YES;
				CLANG_ENABLE_OBJC_ARC = YES;
				CLANG_WARN_BOOL_CONVERSION = YES;
				CLANG_WARN_CONSTANT_CONVERSION = YES;
				CLANG_WARN_DIRECT_OBJC_ISA_USAGE = YES_ERROR;
				CLANG_WARN_EMPTY_BODY = YES;
				CLANG_WARN_ENUM_CONVERSION = YES;
				CLANG_WARN_INT_CONVERSION = YES;
				CLANG_WARN_OBJC_ROOT_CLASS = YES_ERROR;
				CLANG_WARN__DUPLICATE_METHOD_MATCH = YES;
				"CODE_SIGN_IDENTITY[sdk=iphoneos*]" = "iPhone Developer";
				COPY_PHASE_STRIP = YES;
				ENABLE_NS_ASSERTIONS = NO;
				GCC_C_LANGUAGE_STANDARD = gnu99;
				GCC_WARN_64_TO_32_BIT_CONVERSION = YES;
				GCC_WARN_ABOUT_RETURN_TYPE = YES_ERROR;
				GCC_WARN_UNDECLARED_SELECTOR = YES;
				GCC_WARN_UNINITIALIZED_AUTOS = YES_AGGRESSIVE;
				GCC_WARN_UNUSED_FUNCTION = YES;
				GCC_WARN_UNUSED_VARIABLE = YES;
				IPHONEOS_DEPLOYMENT_TARGET = 9.3;
				SDKROOT = iphoneos;
				TARGETED_DEVICE_FAMILY = "1,2";
				VALIDATE_PRODUCT = YES;
			};
			name = Release;
		};
		6003F5C0195388D20070C39A /* Debug */ = {
			isa = XCBuildConfiguration;
			baseConfigurationReference = 0598D0BE5D6E8D3B2CD3DCC3 /* Pods-PhotoEditor_Example.debug.xcconfig */;
			buildSettings = {
				ASSETCATALOG_COMPILER_APPICON_NAME = AppIcon;
				DEVELOPMENT_TEAM = 6963GN8XV3;
				GCC_PRECOMPILE_PREFIX_HEADER = YES;
				GCC_PREFIX_HEADER = "PhotoEditor/PhotoEditor-Prefix.pch";
				INFOPLIST_FILE = "PhotoEditor/PhotoEditor-Info.plist";
				IPHONEOS_DEPLOYMENT_TARGET = 9.0;
				MODULE_NAME = ExampleApp;
				PRODUCT_BUNDLE_IDENTIFIER = "org.cocoapods.demo.${PRODUCT_NAME:rfc1034identifier}";
				PRODUCT_NAME = "$(TARGET_NAME)";
				SWIFT_VERSION = 4.0;
				WRAPPER_EXTENSION = app;
			};
			name = Debug;
		};
		6003F5C1195388D20070C39A /* Release */ = {
			isa = XCBuildConfiguration;
			baseConfigurationReference = 031FE385BDF7F5367683BC5F /* Pods-PhotoEditor_Example.release.xcconfig */;
			buildSettings = {
				ASSETCATALOG_COMPILER_APPICON_NAME = AppIcon;
				DEVELOPMENT_TEAM = 6963GN8XV3;
				GCC_PRECOMPILE_PREFIX_HEADER = YES;
				GCC_PREFIX_HEADER = "PhotoEditor/PhotoEditor-Prefix.pch";
				INFOPLIST_FILE = "PhotoEditor/PhotoEditor-Info.plist";
				IPHONEOS_DEPLOYMENT_TARGET = 9.0;
				MODULE_NAME = ExampleApp;
				PRODUCT_BUNDLE_IDENTIFIER = "org.cocoapods.demo.${PRODUCT_NAME:rfc1034identifier}";
				PRODUCT_NAME = "$(TARGET_NAME)";
				SWIFT_VERSION = 4.0;
				WRAPPER_EXTENSION = app;
			};
			name = Release;
		};
		6003F5C3195388D20070C39A /* Debug */ = {
			isa = XCBuildConfiguration;
			baseConfigurationReference = 130C655AB253505D8E4AD778 /* Pods-PhotoEditor_Tests.debug.xcconfig */;
			buildSettings = {
				BUNDLE_LOADER = "$(TEST_HOST)";
				FRAMEWORK_SEARCH_PATHS = (
					"$(PLATFORM_DIR)/Developer/Library/Frameworks",
					"$(inherited)",
					"$(DEVELOPER_FRAMEWORKS_DIR)",
				);
				GCC_PRECOMPILE_PREFIX_HEADER = YES;
				GCC_PREFIX_HEADER = "Tests/Tests-Prefix.pch";
				GCC_PREPROCESSOR_DEFINITIONS = (
					"DEBUG=1",
					"$(inherited)",
				);
				INFOPLIST_FILE = "Tests/Tests-Info.plist";
				PRODUCT_BUNDLE_IDENTIFIER = "org.cocoapods.demo.${PRODUCT_NAME:rfc1034identifier}";
				PRODUCT_NAME = "$(TARGET_NAME)";
				SWIFT_VERSION = 4.0;
				TEST_HOST = "$(BUILT_PRODUCTS_DIR)/PhotoEditor_Example.app/PhotoEditor_Example";
				WRAPPER_EXTENSION = xctest;
			};
			name = Debug;
		};
		6003F5C4195388D20070C39A /* Release */ = {
			isa = XCBuildConfiguration;
			baseConfigurationReference = 8507AA87B7A5BA6634AE289A /* Pods-PhotoEditor_Tests.release.xcconfig */;
			buildSettings = {
				BUNDLE_LOADER = "$(TEST_HOST)";
				FRAMEWORK_SEARCH_PATHS = (
					"$(PLATFORM_DIR)/Developer/Library/Frameworks",
					"$(inherited)",
					"$(DEVELOPER_FRAMEWORKS_DIR)",
				);
				GCC_PRECOMPILE_PREFIX_HEADER = YES;
				GCC_PREFIX_HEADER = "Tests/Tests-Prefix.pch";
				INFOPLIST_FILE = "Tests/Tests-Info.plist";
				PRODUCT_BUNDLE_IDENTIFIER = "org.cocoapods.demo.${PRODUCT_NAME:rfc1034identifier}";
				PRODUCT_NAME = "$(TARGET_NAME)";
				SWIFT_VERSION = 4.0;
				TEST_HOST = "$(BUILT_PRODUCTS_DIR)/PhotoEditor_Example.app/PhotoEditor_Example";
				WRAPPER_EXTENSION = xctest;
			};
			name = Release;
		};
/* End XCBuildConfiguration section */

/* Begin XCConfigurationList section */
		6003F585195388D10070C39A /* Build configuration list for PBXProject "PhotoEditor" */ = {
			isa = XCConfigurationList;
			buildConfigurations = (
				6003F5BD195388D20070C39A /* Debug */,
				6003F5BE195388D20070C39A /* Release */,
			);
			defaultConfigurationIsVisible = 0;
			defaultConfigurationName = Release;
		};
		6003F5BF195388D20070C39A /* Build configuration list for PBXNativeTarget "PhotoEditor_Example" */ = {
			isa = XCConfigurationList;
			buildConfigurations = (
				6003F5C0195388D20070C39A /* Debug */,
				6003F5C1195388D20070C39A /* Release */,
			);
			defaultConfigurationIsVisible = 0;
			defaultConfigurationName = Release;
		};
		6003F5C2195388D20070C39A /* Build configuration list for PBXNativeTarget "PhotoEditor_Tests" */ = {
			isa = XCConfigurationList;
			buildConfigurations = (
				6003F5C3195388D20070C39A /* Debug */,
				6003F5C4195388D20070C39A /* Release */,
			);
			defaultConfigurationIsVisible = 0;
			defaultConfigurationName = Release;
		};
/* End XCConfigurationList section */
	};
	rootObject = 6003F582195388D10070C39A /* Project object */;
}
